
Microsoft Visual Studio Solution File, Format Version 12.00
# Visual Studio Version 17
VisualStudioVersion = 17.5.33530.505
MinimumVisualStudioVersion = 10.0.40219.1
Project("{FAE04EC0-301F-11D3-BF4B-00C04F79EFBC}") = "ScoreCard", "ScoreCard\ScoreCard.csproj", "{7B0D338E-8592-40C0-BFB4-C1AA1CFEEAFA}"
EndProject
Global
	GlobalSection(SolutionConfigurationPlatforms) = preSolution
		Debug|Any CPU = Debug|Any CPU
		Release|Any CPU = Release|Any CPU
	EndGlobalSection
	GlobalSection(ProjectConfigurationPlatforms) = postSolution
		{7B0D338E-8592-40C0-BFB4-C1AA1CFEEAFA}.Debug|Any CPU.ActiveCfg = Debug|Any CPU
		{7B0D338E-8592-40C0-BFB4-C1AA1CFEEAFA}.Debug|Any CPU.Build.0 = Debug|Any CPU
		{7B0D338E-8592-40C0-BFB4-C1AA1CFEEAFA}.Release|Any CPU.ActiveCfg = Release|Any CPU
		{7B0D338E-8592-40C0-BFB4-C1AA1CFEEAFA}.Release|Any CPU.Build.0 = Release|Any CPU
	EndGlobalSection
	GlobalSection(SolutionProperties) = preSolution
		HideSolutionNode = FALSE
	EndGlobalSection
	GlobalSection(ExtensibilityGlobals) = postSolution
		SolutionGuid = {99DACA04-6FD5-43C3-9806-261FAF7AB5B2}
	EndGlobalSection
EndGlobal
